
Microsoft Visual Studio Solution File, Format Version 12.00
# Visual Studio Version 17
VisualStudioVersion = 17.7.34024.191
MinimumVisualStudioVersion = 10.0.40219.1
Project("{8BC9CEB8-8B4A-11D0-8D11-00A0C91BC942}") = "PhoneBook", "PhoneBook.vcxproj", "{EBE814EC-D324-4249-9013-534EEE48CD21}"
EndProject
Global
	GlobalSection(SolutionConfigurationPlatforms) = preSolution
		Debug|x64 = Debug|x64
		Debug|x86 = Debug|x86
		Release|x64 = Release|x64
		Release|x86 = Release|x86
	EndGlobalSection
	GlobalSection(ProjectConfigurationPlatforms) = postSolution
		{EBE814EC-D324-4249-9013-534EEE48CD21}.Debug|x64.ActiveCfg = Debug|x64
		{EBE814EC-D324-4249-9013-534EEE48CD21}.Debug|x64.Build.0 = Debug|x64
		{EBE814EC-D324-4249-9013-534EEE48CD21}.Debug|x86.ActiveCfg = Debug|Win32
		{EBE814EC-D324-4249-9013-534EEE48CD21}.Debug|x86.Build.0 = Debug|Win32
		{EBE814EC-D324-4249-9013-534EEE48CD21}.Release|x64.ActiveCfg = Release|x64
		{EBE814EC-D324-4249-9013-534EEE48CD21}.Release|x64.Build.0 = Release|x64
		{EBE814EC-D324-4249-9013-534EEE48CD21}.Release|x86.ActiveCfg = Release|Win32
		{EBE814EC-D324-4249-9013-534EEE48CD21}.Release|x86.Build.0 = Release|Win32
	EndGlobalSection
	GlobalSection(SolutionProperties) = preSolution
		HideSolutionNode = FALSE
	EndGlobalSection
	GlobalSection(ExtensibilityGlobals) = postSolution
		SolutionGuid = {E337F6B6-0F8A-4A1D-8EA4-ABEFA1F33C85}
	EndGlobalSection
EndGlobal
